
Microsoft Visual Studio Solution File, Format Version 12.00
# Visual Studio Version 17
VisualStudioVersion = 17.0.31903.59
MinimumVisualStudioVersion = 10.0.40219.1
Project("{2150E333-8FDC-42A3-9474-1A3956D46DE8}") = ".root", ".root", "{E83E02F9-5BD8-426B-ABE0-111129CDE5C2}"
	ProjectSection(SolutionItems) = preProject
		.editorconfig = .editorconfig
		.gitignore = .gitignore
		.github\dependabot.yml = .github\dependabot.yml
		Directory.Build.props = Directory.Build.props
		Directory.Packages.props = Directory.Packages.props
		readme.md = readme.md
	EndProjectSection
EndProject
Project("{2150E333-8FDC-42A3-9474-1A3956D46DE8}") = "Source", "Source", "{48400D35-471A-4EF4-93E4-2394D87E0012}"
EndProject
Project("{2150E333-8FDC-42A3-9474-1A3956D46DE8}") = "Tests", "Tests", "{517768B6-A2B3-4ED2-8F70-E53C85A493FF}"
EndProject
Project("{2150E333-8FDC-42A3-9474-1A3956D46DE8}") = "workflows", "workflows", "{E0B0FA04-0B70-40E7-B982-8702A7829DC7}"
	ProjectSection(SolutionItems) = preProject
		.github\workflows\build.yml = .github\workflows\build.yml
		.github\workflows\release.yml = .github\workflows\release.yml
	EndProjectSection
EndProject
Project("{2150E333-8FDC-42A3-9474-1A3956D46DE8}") = "Samples", "Samples", "{C484CFC6-6DB0-48CB-A769-1A06FF40787E}"
EndProject
Project("{9A19103F-16F7-4668-BE54-9A1E7A4F7556}") = "Immediate.Handlers", "src\Immediate.Handlers\Immediate.Handlers.csproj", "{4E9DC4CB-4833-4471-AF34-699565BCFDBE}"
EndProject
Project("{9A19103F-16F7-4668-BE54-9A1E7A4F7556}") = "Immediate.Handlers.Shared", "src\Immediate.Handlers.Shared\Immediate.Handlers.Shared.csproj", "{789B0C8D-98ED-4712-8AB1-E4B10AD4D669}"
EndProject
Project("{9A19103F-16F7-4668-BE54-9A1E7A4F7556}") = "Immediate.Handlers.Tests", "tests\Immediate.Handlers.Tests\Immediate.Handlers.Tests.csproj", "{7E5E76EB-8087-48F6-8A87-CFABFC5CB409}"
EndProject
Project("{9A19103F-16F7-4668-BE54-9A1E7A4F7556}") = "Normal", "samples\Normal\Normal.csproj", "{4E8FA4AC-7802-4775-AF8B-781B199EE5E6}"
EndProject
Project("{9A19103F-16F7-4668-BE54-9A1E7A4F7556}") = "Immediate.Handler.FunctionalTests", "tests\Immediate.Handler.FunctionalTests\Immediate.Handler.FunctionalTests.csproj", "{DB656BD6-AFA3-4285-8CD6-4EA91DB36D65}"
EndProject
Project("{9A19103F-16F7-4668-BE54-9A1E7A4F7556}") = "Immediate.Handlers.CodeFixes", "src\Immediate.Handlers.CodeFixes\Immediate.Handlers.CodeFixes.csproj", "{0A786D44-F49E-46F6-A97E-9E8B75A12829}"
EndProject
Project("{9A19103F-16F7-4668-BE54-9A1E7A4F7556}") = "Immediate.Handlers.Analyzers", "src\Immediate.Handlers.Analyzers\Immediate.Handlers.Analyzers.csproj", "{E9AF88B6-8719-4FDD-B99E-F060BB116073}"
EndProject
Project("{9A19103F-16F7-4668-BE54-9A1E7A4F7556}") = "Immediate.Handlers.Generators", "src\Immediate.Handlers.Generators\Immediate.Handlers.Generators.csproj", "{848CB147-CB80-448E-A1B1-30231A4F843C}"
EndProject
Global
	GlobalSection(SolutionConfigurationPlatforms) = preSolution
		Debug|Any CPU = Debug|Any CPU
		Release|Any CPU = Release|Any CPU
	EndGlobalSection
	GlobalSection(ProjectConfigurationPlatforms) = postSolution
		{4E9DC4CB-4833-4471-AF34-699565BCFDBE}.Debug|Any CPU.ActiveCfg = Debug|Any CPU
		{4E9DC4CB-4833-4471-AF34-699565BCFDBE}.Debug|Any CPU.Build.0 = Debug|Any CPU
		{4E9DC4CB-4833-4471-AF34-699565BCFDBE}.Release|Any CPU.ActiveCfg = Release|Any CPU
		{4E9DC4CB-4833-4471-AF34-699565BCFDBE}.Release|Any CPU.Build.0 = Release|Any CPU
		{789B0C8D-98ED-4712-8AB1-E4B10AD4D669}.Debug|Any CPU.ActiveCfg = Debug|Any CPU
		{789B0C8D-98ED-4712-8AB1-E4B10AD4D669}.Debug|Any CPU.Build.0 = Debug|Any CPU
		{789B0C8D-98ED-4712-8AB1-E4B10AD4D669}.Release|Any CPU.ActiveCfg = Release|Any CPU
		{789B0C8D-98ED-4712-8AB1-E4B10AD4D669}.Release|Any CPU.Build.0 = Release|Any CPU
		{7E5E76EB-8087-48F6-8A87-CFABFC5CB409}.Debug|Any CPU.ActiveCfg = Debug|Any CPU
		{7E5E76EB-8087-48F6-8A87-CFABFC5CB409}.Debug|Any CPU.Build.0 = Debug|Any CPU
		{7E5E76EB-8087-48F6-8A87-CFABFC5CB409}.Release|Any CPU.ActiveCfg = Release|Any CPU
		{7E5E76EB-8087-48F6-8A87-CFABFC5CB409}.Release|Any CPU.Build.0 = Release|Any CPU
		{4E8FA4AC-7802-4775-AF8B-781B199EE5E6}.Debug|Any CPU.ActiveCfg = Debug|Any CPU
		{4E8FA4AC-7802-4775-AF8B-781B199EE5E6}.Debug|Any CPU.Build.0 = Debug|Any CPU
		{4E8FA4AC-7802-4775-AF8B-781B199EE5E6}.Release|Any CPU.ActiveCfg = Release|Any CPU
		{4E8FA4AC-7802-4775-AF8B-781B199EE5E6}.Release|Any CPU.Build.0 = Release|Any CPU
		{DB656BD6-AFA3-4285-8CD6-4EA91DB36D65}.Debug|Any CPU.ActiveCfg = Debug|Any CPU
		{DB656BD6-AFA3-4285-8CD6-4EA91DB36D65}.Debug|Any CPU.Build.0 = Debug|Any CPU
		{DB656BD6-AFA3-4285-8CD6-4EA91DB36D65}.Release|Any CPU.ActiveCfg = Release|Any CPU
		{DB656BD6-AFA3-4285-8CD6-4EA91DB36D65}.Release|Any CPU.Build.0 = Release|Any CPU
		{0A786D44-F49E-46F6-A97E-9E8B75A12829}.Debug|Any CPU.ActiveCfg = Debug|Any CPU
		{0A786D44-F49E-46F6-A97E-9E8B75A12829}.Debug|Any CPU.Build.0 = Debug|Any CPU
		{0A786D44-F49E-46F6-A97E-9E8B75A12829}.Release|Any CPU.ActiveCfg = Release|Any CPU
		{0A786D44-F49E-46F6-A97E-9E8B75A12829}.Release|Any CPU.Build.0 = Release|Any CPU
		{E9AF88B6-8719-4FDD-B99E-F060BB116073}.Debug|Any CPU.ActiveCfg = Debug|Any CPU
		{E9AF88B6-8719-4FDD-B99E-F060BB116073}.Debug|Any CPU.Build.0 = Debug|Any CPU
		{E9AF88B6-8719-4FDD-B99E-F060BB116073}.Release|Any CPU.ActiveCfg = Release|Any CPU
		{E9AF88B6-8719-4FDD-B99E-F060BB116073}.Release|Any CPU.Build.0 = Release|Any CPU
		{848CB147-CB80-448E-A1B1-30231A4F843C}.Debug|Any CPU.ActiveCfg = Debug|Any CPU
		{848CB147-CB80-448E-A1B1-30231A4F843C}.Debug|Any CPU.Build.0 = Debug|Any CPU
		{848CB147-CB80-448E-A1B1-30231A4F843C}.Release|Any CPU.ActiveCfg = Release|Any CPU
		{848CB147-CB80-448E-A1B1-30231A4F843C}.Release|Any CPU.Build.0 = Release|Any CPU
	EndGlobalSection
	GlobalSection(SolutionProperties) = preSolution
		HideSolutionNode = FALSE
	EndGlobalSection
	GlobalSection(NestedProjects) = preSolution
		{E0B0FA04-0B70-40E7-B982-8702A7829DC7} = {E83E02F9-5BD8-426B-ABE0-111129CDE5C2}
		{4E9DC4CB-4833-4471-AF34-699565BCFDBE} = {48400D35-471A-4EF4-93E4-2394D87E0012}
		{789B0C8D-98ED-4712-8AB1-E4B10AD4D669} = {48400D35-471A-4EF4-93E4-2394D87E0012}
		{7E5E76EB-8087-48F6-8A87-CFABFC5CB409} = {517768B6-A2B3-4ED2-8F70-E53C85A493FF}
		{4E8FA4AC-7802-4775-AF8B-781B199EE5E6} = {C484CFC6-6DB0-48CB-A769-1A06FF40787E}
		{DB656BD6-AFA3-4285-8CD6-4EA91DB36D65} = {517768B6-A2B3-4ED2-8F70-E53C85A493FF}
		{0A786D44-F49E-46F6-A97E-9E8B75A12829} = {48400D35-471A-4EF4-93E4-2394D87E0012}
		{E9AF88B6-8719-4FDD-B99E-F060BB116073} = {48400D35-471A-4EF4-93E4-2394D87E0012}
		{848CB147-CB80-448E-A1B1-30231A4F843C} = {48400D35-471A-4EF4-93E4-2394D87E0012}
	EndGlobalSection
	GlobalSection(ExtensibilityGlobals) = postSolution
		SolutionGuid = {184E3CAB-91E8-4F1A-A16B-C062F25BECC4}
	EndGlobalSection
EndGlobal
